
Microsoft Visual Studio Solution File, Format Version 12.00
# Visual Studio 15
VisualStudioVersion = 15.0.26430.12
MinimumVisualStudioVersion = 10.0.40219.1
Project("{FAE04EC0-301F-11D3-BF4B-00C04F79EFBC}") = "AgeCalculate.Android", "AgeCalculate\AgeCalculate.Android\AgeCalculate.Android.csproj", "{8ADECFA9-F941-4E34-A5FD-54C0EC73B26C}"
EndProject
Project("{FAE04EC0-301F-11D3-BF4B-00C04F79EFBC}") = "AgeCalculate", "AgeCalculate\AgeCalculate\AgeCalculate.csproj", "{B83B4732-FC4C-483A-A1E6-3EAAAB5DD679}"
EndProject
Project("{FAE04EC0-301F-11D3-BF4B-00C04F79EFBC}") = "AgeCalculate.iOS", "AgeCalculate\AgeCalculate.iOS\AgeCalculate.iOS.csproj", "{813FC994-27FD-4768-A06F-4E2C63E5B9ED}"
EndProject
Global
	GlobalSection(SolutionConfigurationPlatforms) = preSolution
		Ad-Hoc|Any CPU = Ad-Hoc|Any CPU
		Ad-Hoc|iPhone = Ad-Hoc|iPhone
		Ad-Hoc|iPhoneSimulator = Ad-Hoc|iPhoneSimulator
		AppStore|Any CPU = AppStore|Any CPU
		AppStore|iPhone = AppStore|iPhone
		AppStore|iPhoneSimulator = AppStore|iPhoneSimulator
		Debug|Any CPU = Debug|Any CPU
		Debug|iPhone = Debug|iPhone
		Debug|iPhoneSimulator = Debug|iPhoneSimulator
		Release|Any CPU = Release|Any CPU
		Release|iPhone = Release|iPhone
		Release|iPhoneSimulator = Release|iPhoneSimulator
	EndGlobalSection
	GlobalSection(ProjectConfigurationPlatforms) = postSolution
		{8ADECFA9-F941-4E34-A5FD-54C0EC73B26C}.Ad-Hoc|Any CPU.ActiveCfg = Release|Any CPU
		{8ADECFA9-F941-4E34-A5FD-54C0EC73B26C}.Ad-Hoc|Any CPU.Build.0 = Release|Any CPU
		{8ADECFA9-F941-4E34-A5FD-54C0EC73B26C}.Ad-Hoc|Any CPU.Deploy.0 = Release|Any CPU
		{8ADECFA9-F941-4E34-A5FD-54C0EC73B26C}.Ad-Hoc|iPhone.ActiveCfg = Release|Any CPU
		{8ADECFA9-F941-4E34-A5FD-54C0EC73B26C}.Ad-Hoc|iPhone.Build.0 = Release|Any CPU
		{8ADECFA9-F941-4E34-A5FD-54C0EC73B26C}.Ad-Hoc|iPhone.Deploy.0 = Release|Any CPU
		{8ADECFA9-F941-4E34-A5FD-54C0EC73B26C}.Ad-Hoc|iPhoneSimulator.ActiveCfg = Release|Any CPU
		{8ADECFA9-F941-4E34-A5FD-54C0EC73B26C}.Ad-Hoc|iPhoneSimulator.Build.0 = Release|Any CPU
		{8ADECFA9-F941-4E34-A5FD-54C0EC73B26C}.Ad-Hoc|iPhoneSimulator.Deploy.0 = Release|Any CPU
		{8ADECFA9-F941-4E34-A5FD-54C0EC73B26C}.AppStore|Any CPU.ActiveCfg = Release|Any CPU
		{8ADECFA9-F941-4E34-A5FD-54C0EC73B26C}.AppStore|Any CPU.Build.0 = Release|Any CPU
		{8ADECFA9-F941-4E34-A5FD-54C0EC73B26C}.AppStore|Any CPU.Deploy.0 = Release|Any CPU
		{8ADECFA9-F941-4E34-A5FD-54C0EC73B26C}.AppStore|iPhone.ActiveCfg = Release|Any CPU
		{8ADECFA9-F941-4E34-A5FD-54C0EC73B26C}.AppStore|iPhone.Build.0 = Release|Any CPU
		{8ADECFA9-F941-4E34-A5FD-54C0EC73B26C}.AppStore|iPhone.Deploy.0 = Release|Any CPU
		{8ADECFA9-F941-4E34-A5FD-54C0EC73B26C}.AppStore|iPhoneSimulator.ActiveCfg = Release|Any CPU
		{8ADECFA9-F941-4E34-A5FD-54C0EC73B26C}.AppStore|iPhoneSimulator.Build.0 = Release|Any CPU
		{8ADECFA9-F941-4E34-A5FD-54C0EC73B26C}.AppStore|iPhoneSimulator.Deploy.0 = Release|Any CPU
		{8ADECFA9-F941-4E34-A5FD-54C0EC73B26C}.Debug|Any CPU.ActiveCfg = Debug|Any CPU
		{8ADECFA9-F941-4E34-A5FD-54C0EC73B26C}.Debug|Any CPU.Build.0 = Debug|Any CPU
		{8ADECFA9-F941-4E34-A5FD-54C0EC73B26C}.Debug|Any CPU.Deploy.0 = Debug|Any CPU
		{8ADECFA9-F941-4E34-A5FD-54C0EC73B26C}.Debug|iPhone.ActiveCfg = Debug|Any CPU
		{8ADECFA9-F941-4E34-A5FD-54C0EC73B26C}.Debug|iPhone.Build.0 = Debug|Any CPU
		{8ADECFA9-F941-4E34-A5FD-54C0EC73B26C}.Debug|iPhone.Deploy.0 = Debug|Any CPU
		{8ADECFA9-F941-4E34-A5FD-54C0EC73B26C}.Debug|iPhoneSimulator.ActiveCfg = Debug|Any CPU
		{8ADECFA9-F941-4E34-A5FD-54C0EC73B26C}.Debug|iPhoneSimulator.Build.0 = Debug|Any CPU
		{8ADECFA9-F941-4E34-A5FD-54C0EC73B26C}.Debug|iPhoneSimulator.Deploy.0 = Debug|Any CPU
		{8ADECFA9-F941-4E34-A5FD-54C0EC73B26C}.Release|Any CPU.ActiveCfg = Release|Any CPU
		{8ADECFA9-F941-4E34-A5FD-54C0EC73B26C}.Release|Any CPU.Build.0 = Release|Any CPU
		{8ADECFA9-F941-4E34-A5FD-54C0EC73B26C}.Release|Any CPU.Deploy.0 = Release|Any CPU
		{8ADECFA9-F941-4E34-A5FD-54C0EC73B26C}.Release|iPhone.ActiveCfg = Release|Any CPU
		{8ADECFA9-F941-4E34-A5FD-54C0EC73B26C}.Release|iPhone.Build.0 = Release|Any CPU
		{8ADECFA9-F941-4E34-A5FD-54C0EC73B26C}.Release|iPhone.Deploy.0 = Release|Any CPU
		{8ADECFA9-F941-4E34-A5FD-54C0EC73B26C}.Release|iPhoneSimulator.ActiveCfg = Release|Any CPU
		{8ADECFA9-F941-4E34-A5FD-54C0EC73B26C}.Release|iPhoneSimulator.Build.0 = Release|Any CPU
		{8ADECFA9-F941-4E34-A5FD-54C0EC73B26C}.Release|iPhoneSimulator.Deploy.0 = Release|Any CPU
		{B83B4732-FC4C-483A-A1E6-3EAAAB5DD679}.Ad-Hoc|Any CPU.ActiveCfg = Release|Any CPU
		{B83B4732-FC4C-483A-A1E6-3EAAAB5DD679}.Ad-Hoc|Any CPU.Build.0 = Release|Any CPU
		{B83B4732-FC4C-483A-A1E6-3EAAAB5DD679}.Ad-Hoc|iPhone.ActiveCfg = Release|Any CPU
		{B83B4732-FC4C-483A-A1E6-3EAAAB5DD679}.Ad-Hoc|iPhone.Build.0 = Release|Any CPU
		{B83B4732-FC4C-483A-A1E6-3EAAAB5DD679}.Ad-Hoc|iPhoneSimulator.ActiveCfg = Release|Any CPU
		{B83B4732-FC4C-483A-A1E6-3EAAAB5DD679}.Ad-Hoc|iPhoneSimulator.Build.0 = Release|Any CPU
		{B83B4732-FC4C-483A-A1E6-3EAAAB5DD679}.AppStore|Any CPU.ActiveCfg = Release|Any CPU
		{B83B4732-FC4C-483A-A1E6-3EAAAB5DD679}.AppStore|Any CPU.Build.0 = Release|Any CPU
		{B83B4732-FC4C-483A-A1E6-3EAAAB5DD679}.AppStore|iPhone.ActiveCfg = Release|Any CPU
		{B83B4732-FC4C-483A-A1E6-3EAAAB5DD679}.AppStore|iPhone.Build.0 = Release|Any CPU
		{B83B4732-FC4C-483A-A1E6-3EAAAB5DD679}.AppStore|iPhoneSimulator.ActiveCfg = Release|Any CPU
		{B83B4732-FC4C-483A-A1E6-3EAAAB5DD679}.AppStore|iPhoneSimulator.Build.0 = Release|Any CPU
		{B83B4732-FC4C-483A-A1E6-3EAAAB5DD679}.Debug|Any CPU.ActiveCfg = Debug|Any CPU
		{B83B4732-FC4C-483A-A1E6-3EAAAB5DD679}.Debug|Any CPU.Build.0 = Debug|Any CPU
		{B83B4732-FC4C-483A-A1E6-3EAAAB5DD679}.Debug|iPhone.ActiveCfg = Debug|Any CPU
		{B83B4732-FC4C-483A-A1E6-3EAAAB5DD679}.Debug|iPhone.Build.0 = Debug|Any CPU
		{B83B4732-FC4C-483A-A1E6-3EAAAB5DD679}.Debug|iPhoneSimulator.ActiveCfg = Debug|Any CPU
		{B83B4732-FC4C-483A-A1E6-3EAAAB5DD679}.Debug|iPhoneSimulator.Build.0 = Debug|Any CPU
		{B83B4732-FC4C-483A-A1E6-3EAAAB5DD679}.Release|Any CPU.ActiveCfg = Release|Any CPU
		{B83B4732-FC4C-483A-A1E6-3EAAAB5DD679}.Release|Any CPU.Build.0 = Release|Any CPU
		{B83B4732-FC4C-483A-A1E6-3EAAAB5DD679}.Release|iPhone.ActiveCfg = Release|Any CPU
		{B83B4732-FC4C-483A-A1E6-3EAAAB5DD679}.Release|iPhone.Build.0 = Release|Any CPU
		{B83B4732-FC4C-483A-A1E6-3EAAAB5DD679}.Release|iPhoneSimulator.ActiveCfg = Release|Any CPU
		{B83B4732-FC4C-483A-A1E6-3EAAAB5DD679}.Release|iPhoneSimulator.Build.0 = Release|Any CPU
		{813FC994-27FD-4768-A06F-4E2C63E5B9ED}.Ad-Hoc|Any CPU.ActiveCfg = Ad-Hoc|iPhone
		{813FC994-27FD-4768-A06F-4E2C63E5B9ED}.Ad-Hoc|iPhone.ActiveCfg = Ad-Hoc|iPhone
		{813FC994-27FD-4768-A06F-4E2C63E5B9ED}.Ad-Hoc|iPhone.Build.0 = Ad-Hoc|iPhone
		{813FC994-27FD-4768-A06F-4E2C63E5B9ED}.Ad-Hoc|iPhoneSimulator.ActiveCfg = Ad-Hoc|iPhoneSimulator
		{813FC994-27FD-4768-A06F-4E2C63E5B9ED}.Ad-Hoc|iPhoneSimulator.Build.0 = Ad-Hoc|iPhoneSimulator
		{813FC994-27FD-4768-A06F-4E2C63E5B9ED}.AppStore|Any CPU.ActiveCfg = AppStore|iPhone
		{813FC994-27FD-4768-A06F-4E2C63E5B9ED}.AppStore|iPhone.ActiveCfg = AppStore|iPhone
		{813FC994-27FD-4768-A06F-4E2C63E5B9ED}.AppStore|iPhone.Build.0 = AppStore|iPhone
		{813FC994-27FD-4768-A06F-4E2C63E5B9ED}.AppStore|iPhoneSimulator.ActiveCfg = AppStore|iPhoneSimulator
		{813FC994-27FD-4768-A06F-4E2C63E5B9ED}.AppStore|iPhoneSimulator.Build.0 = AppStore|iPhoneSimulator
		{813FC994-27FD-4768-A06F-4E2C63E5B9ED}.Debug|Any CPU.ActiveCfg = Debug|iPhone
		{813FC994-27FD-4768-A06F-4E2C63E5B9ED}.Debug|iPhone.ActiveCfg = Debug|iPhone
		{813FC994-27FD-4768-A06F-4E2C63E5B9ED}.Debug|iPhone.Build.0 = Debug|iPhone
		{813FC994-27FD-4768-A06F-4E2C63E5B9ED}.Debug|iPhoneSimulator.ActiveCfg = Debug|iPhoneSimulator
		{813FC994-27FD-4768-A06F-4E2C63E5B9ED}.Debug|iPhoneSimulator.Build.0 = Debug|iPhoneSimulator
		{813FC994-27FD-4768-A06F-4E2C63E5B9ED}.Release|Any CPU.ActiveCfg = Release|iPhone
		{813FC994-27FD-4768-A06F-4E2C63E5B9ED}.Release|iPhone.ActiveCfg = Release|iPhone
		{813FC994-27FD-4768-A06F-4E2C63E5B9ED}.Release|iPhone.Build.0 = Release|iPhone
		{813FC994-27FD-4768-A06F-4E2C63E5B9ED}.Release|iPhoneSimulator.ActiveCfg = Release|iPhoneSimulator
		{813FC994-27FD-4768-A06F-4E2C63E5B9ED}.Release|iPhoneSimulator.Build.0 = Release|iPhoneSimulator
	EndGlobalSection
	GlobalSection(SolutionProperties) = preSolution
		HideSolutionNode = FALSE
	EndGlobalSection
EndGlobal
